// !$*UTF8*$!
{
	archiveVersion = 1;
	classes = {
	};
	objectVersion = 46;
	objects = {

/* Begin PBXBuildFile section */
		26D0F0181D41601A007FC9B3 /* AppDelegate.swift in Sources */ = {isa = PBXBuildFile; fileRef = 26D0F0171D41601A007FC9B3 /* AppDelegate.swift */; };
		26D0F01A1D41601A007FC9B3 /* ViewController.swift in Sources */ = {isa = PBXBuildFile; fileRef = 26D0F0191D41601A007FC9B3 /* ViewController.swift */; };
		26D0F01D1D41601A007FC9B3 /* Main.storyboard in Resources */ = {isa = PBXBuildFile; fileRef = 26D0F01B1D41601A007FC9B3 /* Main.storyboard */; };
		26D0F01F1D41601A007FC9B3 /* Assets.xcassets in Resources */ = {isa = PBXBuildFile; fileRef = 26D0F01E1D41601A007FC9B3 /* Assets.xcassets */; };
		26D0F0221D41601A007FC9B3 /* LaunchScreen.storyboard in Resources */ = {isa = PBXBuildFile; fileRef = 26D0F0201D41601A007FC9B3 /* LaunchScreen.storyboard */; };
		26D0F02D1D41601A007FC9B3 /* PageViewControllerTests.swift in Sources */ = {isa = PBXBuildFile; fileRef = 26D0F02C1D41601A007FC9B3 /* PageViewControllerTests.swift */; };
		26D0F0381D41601A007FC9B3 /* PageViewControllerUITests.swift in Sources */ = {isa = PBXBuildFile; fileRef = 26D0F0371D41601A007FC9B3 /* PageViewControllerUITests.swift */; };
		26D0F0461D4160A8007FC9B3 /* NewPageViewController.swift in Sources */ = {isa = PBXBuildFile; fileRef = 26D0F0451D4160A8007FC9B3 /* NewPageViewController.swift */; };
/* End PBXBuildFile section */

/* Begin PBXContainerItemProxy section */
		26D0F0291D41601A007FC9B3 /* PBXContainerItemProxy */ = {
			isa = PBXContainerItemProxy;
			containerPortal = 26D0F00C1D416019007FC9B3 /* Project object */;
			proxyType = 1;
			remoteGlobalIDString = 26D0F0131D416019007FC9B3;
			remoteInfo = PageViewController;
		};
		26D0F0341D41601A007FC9B3 /* PBXContainerItemProxy */ = {
			isa = PBXContainerItemProxy;
			containerPortal = 26D0F00C1D416019007FC9B3 /* Project object */;
			proxyType = 1;
			remoteGlobalIDString = 26D0F0131D416019007FC9B3;
			remoteInfo = PageViewController;
		};
/* End PBXContainerItemProxy section */

/* Begin PBXFileReference section */
		26D0F0141D416019007FC9B3 /* PageViewController.app */ = {isa = PBXFileReference; explicitFileType = wrapper.application; includeInIndex = 0; path = PageViewController.app; sourceTree = BUILT_PRODUCTS_DIR; };
		26D0F0171D41601A007FC9B3 /* AppDelegate.swift */ = {isa = PBXFileReference; lastKnownFileType = sourcecode.swift; path = AppDelegate.swift; sourceTree = "<group>"; };
		26D0F0191D41601A007FC9B3 /* ViewController.swift */ = {isa = PBXFileReference; lastKnownFileType = sourcecode.swift; path = ViewController.swift; sourceTree = "<group>"; };
		26D0F01C1D41601A007FC9B3 /* Base */ = {isa = PBXFileReference; lastKnownFileType = file.storyboard; name = Base; path = Base.lproj/Main.storyboard; sourceTree = "<group>"; };
		26D0F01E1D41601A007FC9B3 /* Assets.xcassets */ = {isa = PBXFileReference; lastKnownFileType = folder.assetcatalog; path = Assets.xcassets; sourceTree = "<group>"; };
		26D0F0211D41601A007FC9B3 /* Base */ = {isa = PBXFileReference; lastKnownFileType = file.storyboard; name = Base; path = Base.lproj/LaunchScreen.storyboard; sourceTree = "<group>"; };
		26D0F0231D41601A007FC9B3 /* Info.plist */ = {isa = PBXFileReference; lastKnownFileType = text.plist.xml; path = Info.plist; sourceTree = "<group>"; };
		26D0F0281D41601A007FC9B3 /* PageViewControllerTests.xctest */ = {isa = PBXFileReference; explicitFileType = wrapper.cfbundle; includeInIndex = 0; path = PageViewControllerTests.xctest; sourceTree = BUILT_PRODUCTS_DIR; };
		26D0F02C1D41601A007FC9B3 /* PageViewControllerTests.swift */ = {isa = PBXFileReference; lastKnownFileType = sourcecode.swift; path = PageViewControllerTests.swift; sourceTree = "<group>"; };
		26D0F02E1D41601A007FC9B3 /* Info.plist */ = {isa = PBXFileReference; lastKnownFileType = text.plist.xml; path = Info.plist; sourceTree = "<group>"; };
		26D0F0331D41601A007FC9B3 /* PageViewControllerUITests.xctest */ = {isa = PBXFileReference; explicitFileType = wrapper.cfbundle; includeInIndex = 0; path = PageViewControllerUITests.xctest; sourceTree = BUILT_PRODUCTS_DIR; };
		26D0F0371D41601A007FC9B3 /* PageViewControllerUITests.swift */ = {isa = PBXFileReference; lastKnownFileType = sourcecode.swift; path = PageViewControllerUITests.swift; sourceTree = "<group>"; };
		26D0F0391D41601A007FC9B3 /* Info.plist */ = {isa = PBXFileReference; lastKnownFileType = text.plist.xml; path = Info.plist; sourceTree = "<group>"; };
		26D0F0451D4160A8007FC9B3 /* NewPageViewController.swift */ = {isa = PBXFileReference; fileEncoding = 4; lastKnownFileType = sourcecode.swift; path = NewPageViewController.swift; sourceTree = "<group>"; };
/* End PBXFileReference section */

/* Begin PBXFrameworksBuildPhase section */
		26D0F0111D416019007FC9B3 /* Frameworks */ = {
			isa = PBXFrameworksBuildPhase;
			buildActionMask = 2147483647;
			files = (
			);
			runOnlyForDeploymentPostprocessing = 0;
		};
		26D0F0251D41601A007FC9B3 /* Frameworks */ = {
			isa = PBXFrameworksBuildPhase;
			buildActionMask = 2147483647;
			files = (
			);
			runOnlyForDeploymentPostprocessing = 0;
		};
		26D0F0301D41601A007FC9B3 /* Frameworks */ = {
			isa = PBXFrameworksBuildPhase;
			buildActionMask = 2147483647;
			files = (
			);
			runOnlyForDeploymentPostprocessing = 0;
		};
/* End PBXFrameworksBuildPhase section */

/* Begin PBXGroup section */
		26D0F00B1D416019007FC9B3 = {
			isa = PBXGroup;
			children = (
				26D0F0161D41601A007FC9B3 /* PageViewController */,
				26D0F02B1D41601A007FC9B3 /* PageViewControllerTests */,
				26D0F0361D41601A007FC9B3 /* PageViewControllerUITests */,
				26D0F0151D416019007FC9B3 /* Products */,
			);
			sourceTree = "<group>";
		};
		26D0F0151D416019007FC9B3 /* Products */ = {
			isa = PBXGroup;
			children = (
				26D0F0141D416019007FC9B3 /* PageViewController.app */,
				26D0F0281D41601A007FC9B3 /* PageViewControllerTests.xctest */,
				26D0F0331D41601A007FC9B3 /* PageViewControllerUITests.xctest */,
			);
			name = Products;
			sourceTree = "<group>";
		};
		26D0F0161D41601A007FC9B3 /* PageViewController */ = {
			isa = PBXGroup;
			children = (
				26D0F0171D41601A007FC9B3 /* AppDelegate.swift */,
				26D0F0191D41601A007FC9B3 /* ViewController.swift */,
				26D0F0451D4160A8007FC9B3 /* NewPageViewController.swift */,
				26D0F01B1D41601A007FC9B3 /* Main.storyboard */,
				26D0F01E1D41601A007FC9B3 /* Assets.xcassets */,
				26D0F0201D41601A007FC9B3 /* LaunchScreen.storyboard */,
				26D0F0231D41601A007FC9B3 /* Info.plist */,
			);
			path = PageViewController;
			sourceTree = "<group>";
		};
		26D0F02B1D41601A007FC9B3 /* PageViewControllerTests */ = {
			isa = PBXGroup;
			children = (
				26D0F02C1D41601A007FC9B3 /* PageViewControllerTests.swift */,
				26D0F02E1D41601A007FC9B3 /* Info.plist */,
			);
			path = PageViewControllerTests;
			sourceTree = "<group>";
		};
		26D0F0361D41601A007FC9B3 /* PageViewControllerUITests */ = {
			isa = PBXGroup;
			children = (
				26D0F0371D41601A007FC9B3 /* PageViewControllerUITests.swift */,
				26D0F0391D41601A007FC9B3 /* Info.plist */,
			);
			path = PageViewControllerUITests;
			sourceTree = "<group>";
		};
/* End PBXGroup section */

/* Begin PBXNativeTarget section */
		26D0F0131D416019007FC9B3 /* PageViewController */ = {
			isa = PBXNativeTarget;
			buildConfigurationList = 26D0F03C1D41601A007FC9B3 /* Build configuration list for PBXNativeTarget "PageViewController" */;
			buildPhases = (
				26D0F0101D416019007FC9B3 /* Sources */,
				26D0F0111D416019007FC9B3 /* Frameworks */,
				26D0F0121D416019007FC9B3 /* Resources */,
			);
			buildRules = (
			);
			dependencies = (
			);
			name = PageViewController;
			productName = PageViewController;
			productReference = 26D0F0141D416019007FC9B3 /* PageViewController.app */;
			productType = "com.apple.product-type.application";
		};
		26D0F0271D41601A007FC9B3 /* PageViewControllerTests */ = {
			isa = PBXNativeTarget;
			buildConfigurationList = 26D0F03F1D41601A007FC9B3 /* Build configuration list for PBXNativeTarget "PageViewControllerTests" */;
			buildPhases = (
				26D0F0241D41601A007FC9B3 /* Sources */,
				26D0F0251D41601A007FC9B3 /* Frameworks */,
				26D0F0261D41601A007FC9B3 /* Resources */,
			);
			buildRules = (
			);
			dependencies = (
				26D0F02A1D41601A007FC9B3 /* PBXTargetDependency */,
			);
			name = PageViewControllerTests;
			productName = PageViewControllerTests;
			productReference = 26D0F0281D41601A007FC9B3 /* PageViewControllerTests.xctest */;
			productType = "com.apple.product-type.bundle.unit-test";
		};
		26D0F0321D41601A007FC9B3 /* PageViewControllerUITests */ = {
			isa = PBXNativeTarget;
			buildConfigurationList = 26D0F0421D41601A007FC9B3 /* Build configuration list for PBXNativeTarget "PageViewControllerUITests" */;
			buildPhases = (
				26D0F02F1D41601A007FC9B3 /* Sources */,
				26D0F0301D41601A007FC9B3 /* Frameworks */,
				26D0F0311D41601A007FC9B3 /* Resources */,
			);
			buildRules = (
			);
			dependencies = (
				26D0F0351D41601A007FC9B3 /* PBXTargetDependency */,
			);
			name = PageViewControllerUITests;
			productName = PageViewControllerUITests;
			productReference = 26D0F0331D41601A007FC9B3 /* PageViewControllerUITests.xctest */;
			productType = "com.apple.product-type.bundle.ui-testing";
		};
/* End PBXNativeTarget section */

/* Begin PBXProject section */
		26D0F00C1D416019007FC9B3 /* Project object */ = {
			isa = PBXProject;
			attributes = {
				LastSwiftUpdateCheck = 0730;
				LastUpgradeCheck = 0730;
				ORGANIZATIONNAME = "Bryan Lazaro Cusihuamán";
				TargetAttributes = {
					26D0F0131D416019007FC9B3 = {
						CreatedOnToolsVersion = 7.3.1;
						DevelopmentTeam = 5MEY4BJFTK;
					};
					26D0F0271D41601A007FC9B3 = {
						CreatedOnToolsVersion = 7.3.1;
						DevelopmentTeam = 5MEY4BJFTK;
						TestTargetID = 26D0F0131D416019007FC9B3;
					};
					26D0F0321D41601A007FC9B3 = {
						CreatedOnToolsVersion = 7.3.1;
						DevelopmentTeam = 5MEY4BJFTK;
						TestTargetID = 26D0F0131D416019007FC9B3;
					};
				};
			};
			buildConfigurationList = 26D0F00F1D416019007FC9B3 /* Build configuration list for PBXProject "PageViewController" */;
			compatibilityVersion = "Xcode 3.2";
			developmentRegion = English;
			hasScannedForEncodings = 0;
			knownRegions = (
				en,
				Base,
			);
			mainGroup = 26D0F00B1D416019007FC9B3;
			productRefGroup = 26D0F0151D416019007FC9B3 /* Products */;
			projectDirPath = "";
			projectRoot = "";
			targets = (
				26D0F0131D416019007FC9B3 /* PageViewController */,
				26D0F0271D41601A007FC9B3 /* PageViewControllerTests */,
				26D0F0321D41601A007FC9B3 /* PageViewControllerUITests */,
			);
		};
/* End PBXProject section */

/* Begin PBXResourcesBuildPhase section */
		26D0F0121D416019007FC9B3 /* Resources */ = {
			isa = PBXResourcesBuildPhase;
			buildActionMask = 2147483647;
			files = (
				26D0F0221D41601A007FC9B3 /* LaunchScreen.storyboard in Resources */,
				26D0F01F1D41601A007FC9B3 /* Assets.xcassets in Resources */,
				26D0F01D1D41601A007FC9B3 /* Main.storyboard in Resources */,
			);
			runOnlyForDeploymentPostprocessing = 0;
		};
		26D0F0261D41601A007FC9B3 /* Resources */ = {
			isa = PBXResourcesBuildPhase;
			buildActionMask = 2147483647;
			files = (
			);
			runOnlyForDeploymentPostprocessing = 0;
		};
		26D0F0311D41601A007FC9B3 /* Resources */ = {
			isa = PBXResourcesBuildPhase;
			buildActionMask = 2147483647;
			files = (
			);
			runOnlyForDeploymentPostprocessing = 0;
		};
/* End PBXResourcesBuildPhase section */

/* Begin PBXSourcesBuildPhase section */
		26D0F0101D416019007FC9B3 /* Sources */ = {
			isa = PBXSourcesBuildPhase;
			buildActionMask = 2147483647;
			files = (
				26D0F01A1D41601A007FC9B3 /* ViewController.swift in Sources */,
				26D0F0181D41601A007FC9B3 /* AppDelegate.swift in Sources */,
				26D0F0461D4160A8007FC9B3 /* NewPageViewController.swift in Sources */,
			);
			runOnlyForDeploymentPostprocessing = 0;
		};
		26D0F0241D41601A007FC9B3 /* Sources */ = {
			isa = PBXSourcesBuildPhase;
			buildActionMask = 2147483647;
			files = (
				26D0F02D1D41601A007FC9B3 /* PageViewControllerTests.swift in Sources */,
			);
			runOnlyForDeploymentPostprocessing = 0;
		};
		26D0F02F1D41601A007FC9B3 /* Sources */ = {
			isa = PBXSourcesBuildPhase;
			buildActionMask = 2147483647;
			files = (
				26D0F0381D41601A007FC9B3 /* PageViewControllerUITests.swift in Sources */,
			);
			runOnlyForDeploymentPostprocessing = 0;
		};
/* End PBXSourcesBuildPhase section */

/* Begin PBXTargetDependency section */
		26D0F02A1D41601A007FC9B3 /* PBXTargetDependency */ = {
			isa = PBXTargetDependency;
			target = 26D0F0131D416019007FC9B3 /* PageViewController */;
			targetProxy = 26D0F0291D41601A007FC9B3 /* PBXContainerItemProxy */;
		};
		26D0F0351D41601A007FC9B3 /* PBXTargetDependency */ = {
			isa = PBXTargetDependency;
			target = 26D0F0131D416019007FC9B3 /* PageViewController */;
			targetProxy = 26D0F0341D41601A007FC9B3 /* PBXContainerItemProxy */;
		};
/* End PBXTargetDependency section */

/* Begin PBXVariantGroup section */
		26D0F01B1D41601A007FC9B3 /* Main.storyboard */ = {
			isa = PBXVariantGroup;
			children = (
				26D0F01C1D41601A007FC9B3 /* Base */,
			);
			name = Main.storyboard;
			sourceTree = "<group>";
		};
		26D0F0201D41601A007FC9B3 /* LaunchScreen.storyboard */ = {
			isa = PBXVariantGroup;
			children = (
				26D0F0211D41601A007FC9B3 /* Base */,
			);
			name = LaunchScreen.storyboard;
			sourceTree = "<group>";
		};
/* End PBXVariantGroup section */

/* Begin XCBuildConfiguration section */
		26D0F03A1D41601A007FC9B3 /* Debug */ = {
			isa = XCBuildConfiguration;
			buildSettings = {
				ALWAYS_SEARCH_USER_PATHS = NO;
				CLANG_ANALYZER_NONNULL = YES;
				CLANG_CXX_LANGUAGE_STANDARD = "gnu++0x";
				CLANG_CXX_LIBRARY = "libc++";
				CLANG_ENABLE_MODULES = YES;
				CLANG_ENABLE_OBJC_ARC = YES;
				CLANG_WARN_BOOL_CONVERSION = YES;
				CLANG_WARN_CONSTANT_CONVERSION = YES;
				CLANG_WARN_DIRECT_OBJC_ISA_USAGE = YES_ERROR;
				CLANG_WARN_EMPTY_BODY = YES;
				CLANG_WARN_ENUM_CONVERSION = YES;
				CLANG_WARN_INT_CONVERSION = YES;
				CLANG_WARN_OBJC_ROOT_CLASS = YES_ERROR;
				CLANG_WARN_UNREACHABLE_CODE = YES;
				CLANG_WARN__DUPLICATE_METHOD_MATCH = YES;
				"CODE_SIGN_IDENTITY[sdk=iphoneos*]" = "iPhone Developer";
				COPY_PHASE_STRIP = NO;
				DEBUG_INFORMATION_FORMAT = dwarf;
				ENABLE_STRICT_OBJC_MSGSEND = YES;
				ENABLE_TESTABILITY = YES;
				GCC_C_LANGUAGE_STANDARD = gnu99;
				GCC_DYNAMIC_NO_PIC = NO;
				GCC_NO_COMMON_BLOCKS = YES;
				GCC_OPTIMIZATION_LEVEL = 0;
				GCC_PREPROCESSOR_DEFINITIONS = (
					"DEBUG=1",
					"$(inherited)",
				);
				GCC_WARN_64_TO_32_BIT_CONVERSION = YES;
				GCC_WARN_ABOUT_RETURN_TYPE = YES_ERROR;
				GCC_WARN_UNDECLARED_SELECTOR = YES;
				GCC_WARN_UNINITIALIZED_AUTOS = YES_AGGRESSIVE;
				GCC_WARN_UNUSED_FUNCTION = YES;
				GCC_WARN_UNUSED_VARIABLE = YES;
				IPHONEOS_DEPLOYMENT_TARGET = 9.3;
				MTL_ENABLE_DEBUG_INFO = YES;
				ONLY_ACTIVE_ARCH = YES;
				SDKROOT = iphoneos;
				SWIFT_OPTIMIZATION_LEVEL = "-Onone";
			};
			name = Debug;
		};
		26D0F03B1D41601A007FC9B3 /* Release */ = {
			isa = XCBuildConfiguration;
			buildSettings = {
				ALWAYS_SEARCH_USER_PATHS = NO;
				CLANG_ANALYZER_NONNULL = YES;
				CLANG_CXX_LANGUAGE_STANDARD = "gnu++0x";
				CLANG_CXX_LIBRARY = "libc++";
				CLANG_ENABLE_MODULES = YES;
				CLANG_ENABLE_OBJC_ARC = YES;
				CLANG_WARN_BOOL_CONVERSION = YES;
				CLANG_WARN_CONSTANT_CONVERSION = YES;
				CLANG_WARN_DIRECT_OBJC_ISA_USAGE = YES_ERROR;
				CLANG_WARN_EMPTY_BODY = YES;
				CLANG_WARN_ENUM_CONVERSION = YES;
				CLANG_WARN_INT_CONVERSION = YES;
				CLANG_WARN_OBJC_ROOT_CLASS = YES_ERROR;
				CLANG_WARN_UNREACHABLE_CODE = YES;
				CLANG_WARN__DUPLICATE_METHOD_MATCH = YES;
				"CODE_SIGN_IDENTITY[sdk=iphoneos*]" = "iPhone Developer";
				COPY_PHASE_STRIP = NO;
				DEBUG_INFORMATION_FORMAT = "dwarf-with-dsym";
				ENABLE_NS_ASSERTIONS = NO;
				ENABLE_STRICT_OBJC_MSGSEND = YES;
				GCC_C_LANGUAGE_STANDARD = gnu99;
				GCC_NO_COMMON_BLOCKS = YES;
				GCC_WARN_64_TO_32_BIT_CONVERSION = YES;
				GCC_WARN_ABOUT_RETURN_TYPE = YES_ERROR;
				GCC_WARN_UNDECLARED_SELECTOR = YES;
				GCC_WARN_UNINITIALIZED_AUTOS = YES_AGGRESSIVE;
				GCC_WARN_UNUSED_FUNCTION = YES;
				GCC_WARN_UNUSED_VARIABLE = YES;
				IPHONEOS_DEPLOYMENT_TARGET = 9.3;
				MTL_ENABLE_DEBUG_INFO = NO;
				SDKROOT = iphoneos;
				VALIDATE_PRODUCT = YES;
			};
			name = Release;
		};
		26D0F03D1D41601A007FC9B3 /* Debug */ = {
			isa = XCBuildConfiguration;
			buildSettings = {
				ASSETCATALOG_COMPILER_APPICON_NAME = AppIcon;
				INFOPLIST_FILE = PageViewController/Info.plist;
				LD_RUNPATH_SEARCH_PATHS = "$(inherited) @executable_path/Frameworks";
				PRODUCT_BUNDLE_IDENTIFIER = Swift.toby.PageViewController;
				PRODUCT_NAME = "$(TARGET_NAME)";
			};
			name = Debug;
		};
		26D0F03E1D41601A007FC9B3 /* Release */ = {
			isa = XCBuildConfiguration;
			buildSettings = {
				ASSETCATALOG_COMPILER_APPICON_NAME = AppIcon;
				INFOPLIST_FILE = PageViewController/Info.plist;
				LD_RUNPATH_SEARCH_PATHS = "$(inherited) @executable_path/Frameworks";
				PRODUCT_BUNDLE_IDENTIFIER = Swift.toby.PageViewController;
				PRODUCT_NAME = "$(TARGET_NAME)";
			};
			name = Release;
		};
		26D0F0401D41601A007FC9B3 /* Debug */ = {
			isa = XCBuildConfiguration;
			buildSettings = {
				BUNDLE_LOADER = "$(TEST_HOST)";
				INFOPLIST_FILE = PageViewControllerTests/Info.plist;
				LD_RUNPATH_SEARCH_PATHS = "$(inherited) @executable_path/Frameworks @loader_path/Frameworks";
				PRODUCT_BUNDLE_IDENTIFIER = Swift.toby.PageViewControllerTests;
				PRODUCT_NAME = "$(TARGET_NAME)";
				TEST_HOST = "$(BUILT_PRODUCTS_DIR)/PageViewController.app/PageViewController";
			};
			name = Debug;
		};
		26D0F0411D41601A007FC9B3 /* Release */ = {
			isa = XCBuildConfiguration;
			buildSettings = {
				BUNDLE_LOADER = "$(TEST_HOST)";
				INFOPLIST_FILE = PageViewControllerTests/Info.plist;
				LD_RUNPATH_SEARCH_PATHS = "$(inherited) @executable_path/Frameworks @loader_path/Frameworks";
				PRODUCT_BUNDLE_IDENTIFIER = Swift.toby.PageViewControllerTests;
				PRODUCT_NAME = "$(TARGET_NAME)";
				TEST_HOST = "$(BUILT_PRODUCTS_DIR)/PageViewController.app/PageViewController";
			};
			name = Release;
		};
		26D0F0431D41601A007FC9B3 /* Debug */ = {
			isa = XCBuildConfiguration;
			buildSettings = {
				INFOPLIST_FILE = PageViewControllerUITests/Info.plist;
				LD_RUNPATH_SEARCH_PATHS = "$(inherited) @executable_path/Frameworks @loader_path/Frameworks";
				PRODUCT_BUNDLE_IDENTIFIER = Swift.toby.PageViewControllerUITests;
				PRODUCT_NAME = "$(TARGET_NAME)";
				TEST_TARGET_NAME = PageViewController;
			};
			name = Debug;
		};
		26D0F0441D41601A007FC9B3 /* Release */ = {
			isa = XCBuildConfiguration;
			buildSettings = {
				INFOPLIST_FILE = PageViewControllerUITests/Info.plist;
				LD_RUNPATH_SEARCH_PATHS = "$(inherited) @executable_path/Frameworks @loader_path/Frameworks";
				PRODUCT_BUNDLE_IDENTIFIER = Swift.toby.PageViewControllerUITests;
				PRODUCT_NAME = "$(TARGET_NAME)";
				TEST_TARGET_NAME = PageViewController;
			};
			name = Release;
		};
/* End XCBuildConfiguration section */

/* Begin XCConfigurationList section */
		26D0F00F1D416019007FC9B3 /* Build configuration list for PBXProject "PageViewController" */ = {
			isa = XCConfigurationList;
			buildConfigurations = (
				26D0F03A1D41601A007FC9B3 /* Debug */,
				26D0F03B1D41601A007FC9B3 /* Release */,
			);
			defaultConfigurationIsVisible = 0;
			defaultConfigurationName = Release;
		};
		26D0F03C1D41601A007FC9B3 /* Build configuration list for PBXNativeTarget "PageViewController" */ = {
			isa = XCConfigurationList;
			buildConfigurations = (
				26D0F03D1D41601A007FC9B3 /* Debug */,
				26D0F03E1D41601A007FC9B3 /* Release */,
			);
			defaultConfigurationIsVisible = 0;
		};
		26D0F03F1D41601A007FC9B3 /* Build configuration list for PBXNativeTarget "PageViewControllerTests" */ = {
			isa = XCConfigurationList;
			buildConfigurations = (
				26D0F0401D41601A007FC9B3 /* Debug */,
				26D0F0411D41601A007FC9B3 /* Release */,
			);
			defaultConfigurationIsVisible = 0;
		};
		26D0F0421D41601A007FC9B3 /* Build configuration list for PBXNativeTarget "PageViewControllerUITests" */ = {
			isa = XCConfigurationList;
			buildConfigurations = (
				26D0F0431D41601A007FC9B3 /* Debug */,
				26D0F0441D41601A007FC9B3 /* Release */,
			);
			defaultConfigurationIsVisible = 0;
		};
/* End XCConfigurationList section */
	};
	rootObject = 26D0F00C1D416019007FC9B3 /* Project object */;
}
